// !$*UTF8*$!
{
	archiveVersion = 1;
	classes = {
	};
	objectVersion = 56;
	objects = {

/* Begin PBXBuildFile section */
		725197C82C9EB792003DB642 /* PRESET_Fujicolor_SuperHR100.cube in Resources */ = {isa = PBXBuildFile; fileRef = 725197C72C9EB792003DB642 /* PRESET_Fujicolor_SuperHR100.cube */; };
		72A877BD2C9BA81100DE47A8 /* ImageProcessorApp.swift in Sources */ = {isa = PBXBuildFile; fileRef = 72A877BC2C9BA81100DE47A8 /* ImageProcessorApp.swift */; };
		72A877BF2C9BA81100DE47A8 /* ContentView.swift in Sources */ = {isa = PBXBuildFile; fileRef = 72A877BE2C9BA81100DE47A8 /* ContentView.swift */; };
		72A877C12C9BA81300DE47A8 /* Assets.xcassets in Resources */ = {isa = PBXBuildFile; fileRef = 72A877C02C9BA81300DE47A8 /* Assets.xcassets */; };
		72A877C42C9BA81300DE47A8 /* Preview Assets.xcassets in Resources */ = {isa = PBXBuildFile; fileRef = 72A877C32C9BA81300DE47A8 /* Preview Assets.xcassets */; };
		72A877CD2C9BB17200DE47A8 /* ImageSelectionView.swift in Sources */ = {isa = PBXBuildFile; fileRef = 72A877CC2C9BB17200DE47A8 /* ImageSelectionView.swift */; };
		72F87A1C2C9BEF9D005CAFC8 /* AdjustImageView.swift in Sources */ = {isa = PBXBuildFile; fileRef = 72F87A1B2C9BEF9D005CAFC8 /* AdjustImageView.swift */; };
		72F87A1E2C9BF0C1005CAFC8 /* LUTLoader.swift in Sources */ = {isa = PBXBuildFile; fileRef = 72F87A1D2C9BF0C1005CAFC8 /* LUTLoader.swift */; };
		72F87A2B2C9C0C09005CAFC8 /* AdjustImageViewModel.swift in Sources */ = {isa = PBXBuildFile; fileRef = 72F87A2A2C9C0C09005CAFC8 /* AdjustImageViewModel.swift */; };
/* End PBXBuildFile section */

/* Begin PBXFileReference section */
		725197C72C9EB792003DB642 /* PRESET_Fujicolor_SuperHR100.cube */ = {isa = PBXFileReference; fileEncoding = 4; lastKnownFileType = text; path = PRESET_Fujicolor_SuperHR100.cube; sourceTree = "<group>"; };
		72A877B92C9BA81100DE47A8 /* ImageProcessor.app */ = {isa = PBXFileReference; explicitFileType = wrapper.application; includeInIndex = 0; path = ImageProcessor.app; sourceTree = BUILT_PRODUCTS_DIR; };
		72A877BC2C9BA81100DE47A8 /* ImageProcessorApp.swift */ = {isa = PBXFileReference; lastKnownFileType = sourcecode.swift; path = ImageProcessorApp.swift; sourceTree = "<group>"; };
		72A877BE2C9BA81100DE47A8 /* ContentView.swift */ = {isa = PBXFileReference; lastKnownFileType = sourcecode.swift; path = ContentView.swift; sourceTree = "<group>"; };
		72A877C02C9BA81300DE47A8 /* Assets.xcassets */ = {isa = PBXFileReference; lastKnownFileType = folder.assetcatalog; path = Assets.xcassets; sourceTree = "<group>"; };
		72A877C32C9BA81300DE47A8 /* Preview Assets.xcassets */ = {isa = PBXFileReference; lastKnownFileType = folder.assetcatalog; path = "Preview Assets.xcassets"; sourceTree = "<group>"; };
		72A877CC2C9BB17200DE47A8 /* ImageSelectionView.swift */ = {isa = PBXFileReference; lastKnownFileType = sourcecode.swift; path = ImageSelectionView.swift; sourceTree = "<group>"; };
		72F87A1B2C9BEF9D005CAFC8 /* AdjustImageView.swift */ = {isa = PBXFileReference; lastKnownFileType = sourcecode.swift; path = AdjustImageView.swift; sourceTree = "<group>"; };
		72F87A1D2C9BF0C1005CAFC8 /* LUTLoader.swift */ = {isa = PBXFileReference; lastKnownFileType = sourcecode.swift; path = LUTLoader.swift; sourceTree = "<group>"; };
		72F87A2A2C9C0C09005CAFC8 /* AdjustImageViewModel.swift */ = {isa = PBXFileReference; lastKnownFileType = sourcecode.swift; path = AdjustImageViewModel.swift; sourceTree = "<group>"; };
		72F87A2E2C9C0DF7005CAFC8 /* PRESET_Fujicolor_SuperHR100.cube */ = {isa = PBXFileReference; lastKnownFileType = text; path = PRESET_Fujicolor_SuperHR100.cube; sourceTree = "<group>"; };
/* End PBXFileReference section */

/* Begin PBXFrameworksBuildPhase section */
		72A877B62C9BA81100DE47A8 /* Frameworks */ = {
			isa = PBXFrameworksBuildPhase;
			buildActionMask = 2147483647;
			files = (
			);
			runOnlyForDeploymentPostprocessing = 0;
		};
/* End PBXFrameworksBuildPhase section */

/* Begin PBXGroup section */
		72A877B02C9BA81100DE47A8 = {
			isa = PBXGroup;
			children = (
				72A877BB2C9BA81100DE47A8 /* ImageProcessor */,
				72A877BA2C9BA81100DE47A8 /* Products */,
			);
			sourceTree = "<group>";
		};
		72A877BA2C9BA81100DE47A8 /* Products */ = {
			isa = PBXGroup;
			children = (
				72A877B92C9BA81100DE47A8 /* ImageProcessor.app */,
			);
			name = Products;
			sourceTree = "<group>";
		};
		72A877BB2C9BA81100DE47A8 /* ImageProcessor */ = {
			isa = PBXGroup;
			children = (
				72A877BC2C9BA81100DE47A8 /* ImageProcessorApp.swift */,
				72F87A272C9C09AB005CAFC8 /* Model */,
				72F87A292C9C0BE3005CAFC8 /* Views */,
				72F87A282C9C0BC3005CAFC8 /* ViewModels */,
				72A877C02C9BA81300DE47A8 /* Assets.xcassets */,
				725197C72C9EB792003DB642 /* PRESET_Fujicolor_SuperHR100.cube */,
				72A877C22C9BA81300DE47A8 /* Preview Content */,
			);
			path = ImageProcessor;
			sourceTree = "<group>";
		};
		72A877C22C9BA81300DE47A8 /* Preview Content */ = {
			isa = PBXGroup;
			children = (
				72F87A2E2C9C0DF7005CAFC8 /* PRESET_Fujicolor_SuperHR100.cube */,
				72A877C32C9BA81300DE47A8 /* Preview Assets.xcassets */,
			);
			path = "Preview Content";
			sourceTree = "<group>";
		};
		72F87A272C9C09AB005CAFC8 /* Model */ = {
			isa = PBXGroup;
			children = (
				72F87A1D2C9BF0C1005CAFC8 /* LUTLoader.swift */,
			);
			path = Model;
			sourceTree = "<group>";
		};
		72F87A282C9C0BC3005CAFC8 /* ViewModels */ = {
			isa = PBXGroup;
			children = (
				72F87A2A2C9C0C09005CAFC8 /* AdjustImageViewModel.swift */,
			);
			path = ViewModels;
			sourceTree = "<group>";
		};
		72F87A292C9C0BE3005CAFC8 /* Views */ = {
			isa = PBXGroup;
			children = (
				72A877BE2C9BA81100DE47A8 /* ContentView.swift */,
				72A877CC2C9BB17200DE47A8 /* ImageSelectionView.swift */,
				72F87A1B2C9BEF9D005CAFC8 /* AdjustImageView.swift */,
			);
			path = Views;
			sourceTree = "<group>";
		};
/* End PBXGroup section */

/* Begin PBXNativeTarget section */
		72A877B82C9BA81100DE47A8 /* ImageProcessor */ = {
			isa = PBXNativeTarget;
			buildConfigurationList = 72A877C72C9BA81300DE47A8 /* Build configuration list for PBXNativeTarget "ImageProcessor" */;
			buildPhases = (
				72A877B52C9BA81100DE47A8 /* Sources */,
				72A877B62C9BA81100DE47A8 /* Frameworks */,
				72A877B72C9BA81100DE47A8 /* Resources */,
			);
			buildRules = (
			);
			dependencies = (
			);
			name = ImageProcessor;
			productName = ImageProcessor;
			productReference = 72A877B92C9BA81100DE47A8 /* ImageProcessor.app */;
			productType = "com.apple.product-type.application";
		};
/* End PBXNativeTarget section */

/* Begin PBXProject section */
		72A877B12C9BA81100DE47A8 /* Project object */ = {
			isa = PBXProject;
			attributes = {
				BuildIndependentTargetsInParallel = 1;
				LastSwiftUpdateCheck = 1540;
				LastUpgradeCheck = 1540;
				TargetAttributes = {
					72A877B82C9BA81100DE47A8 = {
						CreatedOnToolsVersion = 15.4;
					};
				};
			};
			buildConfigurationList = 72A877B42C9BA81100DE47A8 /* Build configuration list for PBXProject "ImageProcessor" */;
			compatibilityVersion = "Xcode 14.0";
			developmentRegion = en;
			hasScannedForEncodings = 0;
			knownRegions = (
				en,
				Base,
			);
			mainGroup = 72A877B02C9BA81100DE47A8;
			productRefGroup = 72A877BA2C9BA81100DE47A8 /* Products */;
			projectDirPath = "";
			projectRoot = "";
			targets = (
				72A877B82C9BA81100DE47A8 /* ImageProcessor */,
			);
		};
/* End PBXProject section */

/* Begin PBXResourcesBuildPhase section */
		72A877B72C9BA81100DE47A8 /* Resources */ = {
			isa = PBXResourcesBuildPhase;
			buildActionMask = 2147483647;
			files = (
				72A877C42C9BA81300DE47A8 /* Preview Assets.xcassets in Resources */,
				72A877C12C9BA81300DE47A8 /* Assets.xcassets in Resources */,
				725197C82C9EB792003DB642 /* PRESET_Fujicolor_SuperHR100.cube in Resources */,
			);
			runOnlyForDeploymentPostprocessing = 0;
		};
/* End PBXResourcesBuildPhase section */

/* Begin PBXSourcesBuildPhase section */
		72A877B52C9BA81100DE47A8 /* Sources */ = {
			isa = PBXSourcesBuildPhase;
			buildActionMask = 2147483647;
			files = (
				72A877BF2C9BA81100DE47A8 /* ContentView.swift in Sources */,
				72F87A2B2C9C0C09005CAFC8 /* AdjustImageViewModel.swift in Sources */,
				72F87A1C2C9BEF9D005CAFC8 /* AdjustImageView.swift in Sources */,
				72A877CD2C9BB17200DE47A8 /* ImageSelectionView.swift in Sources */,
				72A877BD2C9BA81100DE47A8 /* ImageProcessorApp.swift in Sources */,
				72F87A1E2C9BF0C1005CAFC8 /* LUTLoader.swift in Sources */,
			);
			runOnlyForDeploymentPostprocessing = 0;
		};
/* End PBXSourcesBuildPhase section */

/* Begin XCBuildConfiguration section */
		72A877C52C9BA81300DE47A8 /* Debug */ = {
			isa = XCBuildConfiguration;
			buildSettings = {
				ALWAYS_SEARCH_USER_PATHS = NO;
				ASSETCATALOG_COMPILER_GENERATE_SWIFT_ASSET_SYMBOL_EXTENSIONS = YES;
				CLANG_ANALYZER_NONNULL = YES;
				CLANG_ANALYZER_NUMBER_OBJECT_CONVERSION = YES_AGGRESSIVE;
				CLANG_CXX_LANGUAGE_STANDARD = "gnu++20";
				CLANG_ENABLE_MODULES = YES;
				CLANG_ENABLE_OBJC_ARC = YES;
				CLANG_ENABLE_OBJC_WEAK = YES;
				CLANG_WARN_BLOCK_CAPTURE_AUTORELEASING = YES;
				CLANG_WARN_BOOL_CONVERSION = YES;
				CLANG_WARN_COMMA = YES;
				CLANG_WARN_CONSTANT_CONVERSION = YES;
				CLANG_WARN_DEPRECATED_OBJC_IMPLEMENTATIONS = YES;
				CLANG_WARN_DIRECT_OBJC_ISA_USAGE = YES_ERROR;
				CLANG_WARN_DOCUMENTATION_COMMENTS = YES;
				CLANG_WARN_EMPTY_BODY = YES;
				CLANG_WARN_ENUM_CONVERSION = YES;
				CLANG_WARN_INFINITE_RECURSION = YES;
				CLANG_WARN_INT_CONVERSION = YES;
				CLANG_WARN_NON_LITERAL_NULL_CONVERSION = YES;
				CLANG_WARN_OBJC_IMPLICIT_RETAIN_SELF = YES;
				CLANG_WARN_OBJC_LITERAL_CONVERSION = YES;
				CLANG_WARN_OBJC_ROOT_CLASS = YES_ERROR;
				CLANG_WARN_QUOTED_INCLUDE_IN_FRAMEWORK_HEADER = YES;
				CLANG_WARN_RANGE_LOOP_ANALYSIS = YES;
				CLANG_WARN_STRICT_PROTOTYPES = YES;
				CLANG_WARN_SUSPICIOUS_MOVE = YES;
				CLANG_WARN_UNGUARDED_AVAILABILITY = YES_AGGRESSIVE;
				CLANG_WARN_UNREACHABLE_CODE = YES;
				CLANG_WARN__DUPLICATE_METHOD_MATCH = YES;
				COPY_PHASE_STRIP = NO;
				DEBUG_INFORMATION_FORMAT = dwarf;
				ENABLE_STRICT_OBJC_MSGSEND = YES;
				ENABLE_TESTABILITY = YES;
				ENABLE_USER_SCRIPT_SANDBOXING = YES;
				GCC_C_LANGUAGE_STANDARD = gnu17;
				GCC_DYNAMIC_NO_PIC = NO;
				GCC_NO_COMMON_BLOCKS = YES;
				GCC_OPTIMIZATION_LEVEL = 0;
				GCC_PREPROCESSOR_DEFINITIONS = (
					"DEBUG=1",
					"$(inherited)",
				);
				GCC_WARN_64_TO_32_BIT_CONVERSION = YES;
				GCC_WARN_ABOUT_RETURN_TYPE = YES_ERROR;
				GCC_WARN_UNDECLARED_SELECTOR = YES;
				GCC_WARN_UNINITIALIZED_AUTOS = YES_AGGRESSIVE;
				GCC_WARN_UNUSED_FUNCTION = YES;
				GCC_WARN_UNUSED_VARIABLE = YES;
				IPHONEOS_DEPLOYMENT_TARGET = 17.5;
				LOCALIZATION_PREFERS_STRING_CATALOGS = YES;
				MTL_ENABLE_DEBUG_INFO = INCLUDE_SOURCE;
				MTL_FAST_MATH = YES;
				ONLY_ACTIVE_ARCH = YES;
				SDKROOT = iphoneos;
				SWIFT_ACTIVE_COMPILATION_CONDITIONS = "DEBUG $(inherited)";
				SWIFT_OPTIMIZATION_LEVEL = "-Onone";
			};
			name = Debug;
		};
		72A877C62C9BA81300DE47A8 /* Release */ = {
			isa = XCBuildConfiguration;
			buildSettings = {
				ALWAYS_SEARCH_USER_PATHS = NO;
				ASSETCATALOG_COMPILER_GENERATE_SWIFT_ASSET_SYMBOL_EXTENSIONS = YES;
				CLANG_ANALYZER_NONNULL = YES;
				CLANG_ANALYZER_NUMBER_OBJECT_CONVERSION = YES_AGGRESSIVE;
				CLANG_CXX_LANGUAGE_STANDARD = "gnu++20";
				CLANG_ENABLE_MODULES = YES;
				CLANG_ENABLE_OBJC_ARC = YES;
				CLANG_ENABLE_OBJC_WEAK = YES;
				CLANG_WARN_BLOCK_CAPTURE_AUTORELEASING = YES;
				CLANG_WARN_BOOL_CONVERSION = YES;
				CLANG_WARN_COMMA = YES;
				CLANG_WARN_CONSTANT_CONVERSION = YES;
				CLANG_WARN_DEPRECATED_OBJC_IMPLEMENTATIONS = YES;
				CLANG_WARN_DIRECT_OBJC_ISA_USAGE = YES_ERROR;
				CLANG_WARN_DOCUMENTATION_COMMENTS = YES;
				CLANG_WARN_EMPTY_BODY = YES;
				CLANG_WARN_ENUM_CONVERSION = YES;
				CLANG_WARN_INFINITE_RECURSION = YES;
				CLANG_WARN_INT_CONVERSION = YES;
				CLANG_WARN_NON_LITERAL_NULL_CONVERSION = YES;
				CLANG_WARN_OBJC_IMPLICIT_RETAIN_SELF = YES;
				CLANG_WARN_OBJC_LITERAL_CONVERSION = YES;
				CLANG_WARN_OBJC_ROOT_CLASS = YES_ERROR;
				CLANG_WARN_QUOTED_INCLUDE_IN_FRAMEWORK_HEADER = YES;
				CLANG_WARN_RANGE_LOOP_ANALYSIS = YES;
				CLANG_WARN_STRICT_PROTOTYPES = YES;
				CLANG_WARN_SUSPICIOUS_MOVE = YES;
				CLANG_WARN_UNGUARDED_AVAILABILITY = YES_AGGRESSIVE;
				CLANG_WARN_UNREACHABLE_CODE = YES;
				CLANG_WARN__DUPLICATE_METHOD_MATCH = YES;
				COPY_PHASE_STRIP = NO;
				DEBUG_INFORMATION_FORMAT = "dwarf-with-dsym";
				ENABLE_NS_ASSERTIONS = NO;
				ENABLE_STRICT_OBJC_MSGSEND = YES;
				ENABLE_USER_SCRIPT_SANDBOXING = YES;
				GCC_C_LANGUAGE_STANDARD = gnu17;
				GCC_NO_COMMON_BLOCKS = YES;
				GCC_WARN_64_TO_32_BIT_CONVERSION = YES;
				GCC_WARN_ABOUT_RETURN_TYPE = YES_ERROR;
				GCC_WARN_UNDECLARED_SELECTOR = YES;
				GCC_WARN_UNINITIALIZED_AUTOS = YES_AGGRESSIVE;
				GCC_WARN_UNUSED_FUNCTION = YES;
				GCC_WARN_UNUSED_VARIABLE = YES;
				IPHONEOS_DEPLOYMENT_TARGET = 17.5;
				LOCALIZATION_PREFERS_STRING_CATALOGS = YES;
				MTL_ENABLE_DEBUG_INFO = NO;
				MTL_FAST_MATH = YES;
				SDKROOT = iphoneos;
				SWIFT_COMPILATION_MODE = wholemodule;
				VALIDATE_PRODUCT = YES;
			};
			name = Release;
		};
		72A877C82C9BA81300DE47A8 /* Debug */ = {
			isa = XCBuildConfiguration;
			buildSettings = {
				ASSETCATALOG_COMPILER_APPICON_NAME = AppIcon;
				ASSETCATALOG_COMPILER_GLOBAL_ACCENT_COLOR_NAME = AccentColor;
				CODE_SIGN_STYLE = Automatic;
				CURRENT_PROJECT_VERSION = 1;
				DEVELOPMENT_ASSET_PATHS = "\"ImageProcessor/Preview Content\"";
				DEVELOPMENT_TEAM = 37SS4Z468Q;
				ENABLE_PREVIEWS = YES;
				GENERATE_INFOPLIST_FILE = YES;
				INFOPLIST_KEY_UIApplicationSceneManifest_Generation = YES;
				INFOPLIST_KEY_UIApplicationSupportsIndirectInputEvents = YES;
				INFOPLIST_KEY_UILaunchScreen_Generation = YES;
				INFOPLIST_KEY_UISupportedInterfaceOrientations_iPad = "UIInterfaceOrientationPortrait UIInterfaceOrientationPortraitUpsideDown UIInterfaceOrientationLandscapeLeft UIInterfaceOrientationLandscapeRight";
				INFOPLIST_KEY_UISupportedInterfaceOrientations_iPhone = "UIInterfaceOrientationPortrait UIInterfaceOrientationLandscapeLeft UIInterfaceOrientationLandscapeRight";
				LD_RUNPATH_SEARCH_PATHS = (
					"$(inherited)",
					"@executable_path/Frameworks",
				);
				MARKETING_VERSION = 1.0;
				PRODUCT_BUNDLE_IDENTIFIER = com.mguo.ImageProcessor;
				PRODUCT_NAME = "$(TARGET_NAME)";
				SWIFT_EMIT_LOC_STRINGS = YES;
				SWIFT_VERSION = 5.0;
				TARGETED_DEVICE_FAMILY = "1,2";
			};
			name = Debug;
		};
		72A877C92C9BA81300DE47A8 /* Release */ = {
			isa = XCBuildConfiguration;
			buildSettings = {
				ASSETCATALOG_COMPILER_APPICON_NAME = AppIcon;
				ASSETCATALOG_COMPILER_GLOBAL_ACCENT_COLOR_NAME = AccentColor;
				CODE_SIGN_STYLE = Automatic;
				CURRENT_PROJECT_VERSION = 1;
				DEVELOPMENT_ASSET_PATHS = "\"ImageProcessor/Preview Content\"";
				DEVELOPMENT_TEAM = 37SS4Z468Q;
				ENABLE_PREVIEWS = YES;
				GENERATE_INFOPLIST_FILE = YES;
				INFOPLIST_KEY_UIApplicationSceneManifest_Generation = YES;
				INFOPLIST_KEY_UIApplicationSupportsIndirectInputEvents = YES;
				INFOPLIST_KEY_UILaunchScreen_Generation = YES;
				INFOPLIST_KEY_UISupportedInterfaceOrientations_iPad = "UIInterfaceOrientationPortrait UIInterfaceOrientationPortraitUpsideDown UIInterfaceOrientationLandscapeLeft UIInterfaceOrientationLandscapeRight";
				INFOPLIST_KEY_UISupportedInterfaceOrientations_iPhone = "UIInterfaceOrientationPortrait UIInterfaceOrientationLandscapeLeft UIInterfaceOrientationLandscapeRight";
				LD_RUNPATH_SEARCH_PATHS = (
					"$(inherited)",
					"@executable_path/Frameworks",
				);
				MARKETING_VERSION = 1.0;
				PRODUCT_BUNDLE_IDENTIFIER = com.mguo.ImageProcessor;
				PRODUCT_NAME = "$(TARGET_NAME)";
				SWIFT_EMIT_LOC_STRINGS = YES;
				SWIFT_VERSION = 5.0;
				TARGETED_DEVICE_FAMILY = "1,2";
			};
			name = Release;
		};
/* End XCBuildConfiguration section */

/* Begin XCConfigurationList section */
		72A877B42C9BA81100DE47A8 /* Build configuration list for PBXProject "ImageProcessor" */ = {
			isa = XCConfigurationList;
			buildConfigurations = (
				72A877C52C9BA81300DE47A8 /* Debug */,
				72A877C62C9BA81300DE47A8 /* Release */,
			);
			defaultConfigurationIsVisible = 0;
			defaultConfigurationName = Release;
		};
		72A877C72C9BA81300DE47A8 /* Build configuration list for PBXNativeTarget "ImageProcessor" */ = {
			isa = XCConfigurationList;
			buildConfigurations = (
				72A877C82C9BA81300DE47A8 /* Debug */,
				72A877C92C9BA81300DE47A8 /* Release */,
			);
			defaultConfigurationIsVisible = 0;
			defaultConfigurationName = Release;
		};
/* End XCConfigurationList section */
	};
	rootObject = 72A877B12C9BA81100DE47A8 /* Project object */;
}
